// !$*UTF8*$!
{
	archiveVersion = 1;
	classes = {
	};
	objectVersion = 56;
	objects = {

/* Begin PBXBuildFile section */
		F69C25252A5D416D00E180D2 /* AppDelegate.swift in Sources */ = {isa = PBXBuildFile; fileRef = F69C25242A5D416D00E180D2 /* AppDelegate.swift */; };
		F69C25272A5D416D00E180D2 /* SceneDelegate.swift in Sources */ = {isa = PBXBuildFile; fileRef = F69C25262A5D416D00E180D2 /* SceneDelegate.swift */; };
		F69C25292A5D416D00E180D2 /* ViewController.swift in Sources */ = {isa = PBXBuildFile; fileRef = F69C25282A5D416D00E180D2 /* ViewController.swift */; };
		F69C252C2A5D416D00E180D2 /* Main.storyboard in Resources */ = {isa = PBXBuildFile; fileRef = F69C252A2A5D416D00E180D2 /* Main.storyboard */; };
		F69C252E2A5D416F00E180D2 /* Assets.xcassets in Resources */ = {isa = PBXBuildFile; fileRef = F69C252D2A5D416F00E180D2 /* Assets.xcassets */; };
		F69C25312A5D416F00E180D2 /* LaunchScreen.storyboard in Resources */ = {isa = PBXBuildFile; fileRef = F69C252F2A5D416F00E180D2 /* LaunchScreen.storyboard */; };
		F69C253C2A5D416F00E180D2 /* InterviewTaskTests.swift in Sources */ = {isa = PBXBuildFile; fileRef = F69C253B2A5D416F00E180D2 /* InterviewTaskTests.swift */; };
		F69C25462A5D416F00E180D2 /* InterviewTaskUITests.swift in Sources */ = {isa = PBXBuildFile; fileRef = F69C25452A5D416F00E180D2 /* InterviewTaskUITests.swift */; };
		F69C25482A5D416F00E180D2 /* InterviewTaskUITestsLaunchTests.swift in Sources */ = {isa = PBXBuildFile; fileRef = F69C25472A5D416F00E180D2 /* InterviewTaskUITestsLaunchTests.swift */; };
		F69C25592A5D41EC00E180D2 /* DataRepo.swift in Sources */ = {isa = PBXBuildFile; fileRef = F69C25582A5D41EC00E180D2 /* DataRepo.swift */; };
		F69C255B2A5D41F900E180D2 /* DataViewModel.swift in Sources */ = {isa = PBXBuildFile; fileRef = F69C255A2A5D41F900E180D2 /* DataViewModel.swift */; };
		F69C255D2A5D420900E180D2 /* DataModel.swift in Sources */ = {isa = PBXBuildFile; fileRef = F69C255C2A5D420900E180D2 /* DataModel.swift */; };
		F69C25632A5D4AAC00E180D2 /* CollectionViewCell.swift in Sources */ = {isa = PBXBuildFile; fileRef = F69C25612A5D4AAC00E180D2 /* CollectionViewCell.swift */; };
		F69C25642A5D4AAC00E180D2 /* CollectionViewCell.xib in Resources */ = {isa = PBXBuildFile; fileRef = F69C25622A5D4AAC00E180D2 /* CollectionViewCell.xib */; };
		F69C25A72A5D905000E180D2 /* Observable.swift in Sources */ = {isa = PBXBuildFile; fileRef = F69C25A62A5D905000E180D2 /* Observable.swift */; };
/* End PBXBuildFile section */

/* Begin PBXContainerItemProxy section */
		F69C25382A5D416F00E180D2 /* PBXContainerItemProxy */ = {
			isa = PBXContainerItemProxy;
			containerPortal = F69C25192A5D416D00E180D2 /* Project object */;
			proxyType = 1;
			remoteGlobalIDString = F69C25202A5D416D00E180D2;
			remoteInfo = InterviewTask;
		};
		F69C25422A5D416F00E180D2 /* PBXContainerItemProxy */ = {
			isa = PBXContainerItemProxy;
			containerPortal = F69C25192A5D416D00E180D2 /* Project object */;
			proxyType = 1;
			remoteGlobalIDString = F69C25202A5D416D00E180D2;
			remoteInfo = InterviewTask;
		};
/* End PBXContainerItemProxy section */

/* Begin PBXFileReference section */
		F69C25212A5D416D00E180D2 /* InterviewTask.app */ = {isa = PBXFileReference; explicitFileType = wrapper.application; includeInIndex = 0; path = InterviewTask.app; sourceTree = BUILT_PRODUCTS_DIR; };
		F69C25242A5D416D00E180D2 /* AppDelegate.swift */ = {isa = PBXFileReference; lastKnownFileType = sourcecode.swift; path = AppDelegate.swift; sourceTree = "<group>"; };
		F69C25262A5D416D00E180D2 /* SceneDelegate.swift */ = {isa = PBXFileReference; lastKnownFileType = sourcecode.swift; path = SceneDelegate.swift; sourceTree = "<group>"; };
		F69C25282A5D416D00E180D2 /* ViewController.swift */ = {isa = PBXFileReference; lastKnownFileType = sourcecode.swift; path = ViewController.swift; sourceTree = "<group>"; };
		F69C252B2A5D416D00E180D2 /* Base */ = {isa = PBXFileReference; lastKnownFileType = file.storyboard; name = Base; path = Base.lproj/Main.storyboard; sourceTree = "<group>"; };
		F69C252D2A5D416F00E180D2 /* Assets.xcassets */ = {isa = PBXFileReference; lastKnownFileType = folder.assetcatalog; path = Assets.xcassets; sourceTree = "<group>"; };
		F69C25302A5D416F00E180D2 /* Base */ = {isa = PBXFileReference; lastKnownFileType = file.storyboard; name = Base; path = Base.lproj/LaunchScreen.storyboard; sourceTree = "<group>"; };
		F69C25322A5D416F00E180D2 /* Info.plist */ = {isa = PBXFileReference; lastKnownFileType = text.plist.xml; path = Info.plist; sourceTree = "<group>"; };
		F69C25372A5D416F00E180D2 /* InterviewTaskTests.xctest */ = {isa = PBXFileReference; explicitFileType = wrapper.cfbundle; includeInIndex = 0; path = InterviewTaskTests.xctest; sourceTree = BUILT_PRODUCTS_DIR; };
		F69C253B2A5D416F00E180D2 /* InterviewTaskTests.swift */ = {isa = PBXFileReference; lastKnownFileType = sourcecode.swift; path = InterviewTaskTests.swift; sourceTree = "<group>"; };
		F69C25412A5D416F00E180D2 /* InterviewTaskUITests.xctest */ = {isa = PBXFileReference; explicitFileType = wrapper.cfbundle; includeInIndex = 0; path = InterviewTaskUITests.xctest; sourceTree = BUILT_PRODUCTS_DIR; };
		F69C25452A5D416F00E180D2 /* InterviewTaskUITests.swift */ = {isa = PBXFileReference; lastKnownFileType = sourcecode.swift; path = InterviewTaskUITests.swift; sourceTree = "<group>"; };
		F69C25472A5D416F00E180D2 /* InterviewTaskUITestsLaunchTests.swift */ = {isa = PBXFileReference; lastKnownFileType = sourcecode.swift; path = InterviewTaskUITestsLaunchTests.swift; sourceTree = "<group>"; };
		F69C25582A5D41EC00E180D2 /* DataRepo.swift */ = {isa = PBXFileReference; lastKnownFileType = sourcecode.swift; path = DataRepo.swift; sourceTree = "<group>"; };
		F69C255A2A5D41F900E180D2 /* DataViewModel.swift */ = {isa = PBXFileReference; lastKnownFileType = sourcecode.swift; path = DataViewModel.swift; sourceTree = "<group>"; };
		F69C255C2A5D420900E180D2 /* DataModel.swift */ = {isa = PBXFileReference; lastKnownFileType = sourcecode.swift; path = DataModel.swift; sourceTree = "<group>"; };
		F69C25612A5D4AAC00E180D2 /* CollectionViewCell.swift */ = {isa = PBXFileReference; lastKnownFileType = sourcecode.swift; path = CollectionViewCell.swift; sourceTree = "<group>"; };
		F69C25622A5D4AAC00E180D2 /* CollectionViewCell.xib */ = {isa = PBXFileReference; lastKnownFileType = file.xib; path = CollectionViewCell.xib; sourceTree = "<group>"; };
		F69C25A62A5D905000E180D2 /* Observable.swift */ = {isa = PBXFileReference; lastKnownFileType = sourcecode.swift; path = Observable.swift; sourceTree = "<group>"; };
/* End PBXFileReference section */

/* Begin PBXFrameworksBuildPhase section */
		F69C251E2A5D416D00E180D2 /* Frameworks */ = {
			isa = PBXFrameworksBuildPhase;
			buildActionMask = 2147483647;
			files = (
			);
			runOnlyForDeploymentPostprocessing = 0;
		};
		F69C25342A5D416F00E180D2 /* Frameworks */ = {
			isa = PBXFrameworksBuildPhase;
			buildActionMask = 2147483647;
			files = (
			);
			runOnlyForDeploymentPostprocessing = 0;
		};
		F69C253E2A5D416F00E180D2 /* Frameworks */ = {
			isa = PBXFrameworksBuildPhase;
			buildActionMask = 2147483647;
			files = (
			);
			runOnlyForDeploymentPostprocessing = 0;
		};
/* End PBXFrameworksBuildPhase section */

/* Begin PBXGroup section */
		F69C25182A5D416D00E180D2 = {
			isa = PBXGroup;
			children = (
				F69C25232A5D416D00E180D2 /* InterviewTask */,
				F69C253A2A5D416F00E180D2 /* InterviewTaskTests */,
				F69C25442A5D416F00E180D2 /* InterviewTaskUITests */,
				F69C25222A5D416D00E180D2 /* Products */,
			);
			sourceTree = "<group>";
		};
		F69C25222A5D416D00E180D2 /* Products */ = {
			isa = PBXGroup;
			children = (
				F69C25212A5D416D00E180D2 /* InterviewTask.app */,
				F69C25372A5D416F00E180D2 /* InterviewTaskTests.xctest */,
				F69C25412A5D416F00E180D2 /* InterviewTaskUITests.xctest */,
			);
			name = Products;
			sourceTree = "<group>";
		};
		F69C25232A5D416D00E180D2 /* InterviewTask */ = {
			isa = PBXGroup;
			children = (
				F69C25A52A5D904200E180D2 /* Helpers */,
				F69C25652A5D4AB200E180D2 /* Cells */,
				F69C25572A5D41D000E180D2 /* Model */,
				F69C25562A5D41C900E180D2 /* ViewModel */,
				F69C25552A5D41BC00E180D2 /* Repository */,
				F69C25542A5D41AF00E180D2 /* ViewControllers  */,
				F69C25242A5D416D00E180D2 /* AppDelegate.swift */,
				F69C25262A5D416D00E180D2 /* SceneDelegate.swift */,
				F69C252A2A5D416D00E180D2 /* Main.storyboard */,
				F69C252D2A5D416F00E180D2 /* Assets.xcassets */,
				F69C252F2A5D416F00E180D2 /* LaunchScreen.storyboard */,
				F69C25322A5D416F00E180D2 /* Info.plist */,
			);
			path = InterviewTask;
			sourceTree = "<group>";
		};
		F69C253A2A5D416F00E180D2 /* InterviewTaskTests */ = {
			isa = PBXGroup;
			children = (
				F69C253B2A5D416F00E180D2 /* InterviewTaskTests.swift */,
			);
			path = InterviewTaskTests;
			sourceTree = "<group>";
		};
		F69C25442A5D416F00E180D2 /* InterviewTaskUITests */ = {
			isa = PBXGroup;
			children = (
				F69C25452A5D416F00E180D2 /* InterviewTaskUITests.swift */,
				F69C25472A5D416F00E180D2 /* InterviewTaskUITestsLaunchTests.swift */,
			);
			path = InterviewTaskUITests;
			sourceTree = "<group>";
		};
		F69C25542A5D41AF00E180D2 /* ViewControllers  */ = {
			isa = PBXGroup;
			children = (
				F69C25282A5D416D00E180D2 /* ViewController.swift */,
			);
			path = "ViewControllers ";
			sourceTree = "<group>";
		};
		F69C25552A5D41BC00E180D2 /* Repository */ = {
			isa = PBXGroup;
			children = (
				F69C25582A5D41EC00E180D2 /* DataRepo.swift */,
			);
			path = Repository;
			sourceTree = "<group>";
		};
		F69C25562A5D41C900E180D2 /* ViewModel */ = {
			isa = PBXGroup;
			children = (
				F69C255A2A5D41F900E180D2 /* DataViewModel.swift */,
			);
			path = ViewModel;
			sourceTree = "<group>";
		};
		F69C25572A5D41D000E180D2 /* Model */ = {
			isa = PBXGroup;
			children = (
				F69C255C2A5D420900E180D2 /* DataModel.swift */,
			);
			path = Model;
			sourceTree = "<group>";
		};
		F69C25652A5D4AB200E180D2 /* Cells */ = {
			isa = PBXGroup;
			children = (
				F69C25612A5D4AAC00E180D2 /* CollectionViewCell.swift */,
				F69C25622A5D4AAC00E180D2 /* CollectionViewCell.xib */,
			);
			path = Cells;
			sourceTree = "<group>";
		};
		F69C25A52A5D904200E180D2 /* Helpers */ = {
			isa = PBXGroup;
			children = (
				F69C25A62A5D905000E180D2 /* Observable.swift */,
			);
			path = Helpers;
			sourceTree = "<group>";
		};
/* End PBXGroup section */

/* Begin PBXNativeTarget section */
		F69C25202A5D416D00E180D2 /* InterviewTask */ = {
			isa = PBXNativeTarget;
			buildConfigurationList = F69C254B2A5D416F00E180D2 /* Build configuration list for PBXNativeTarget "InterviewTask" */;
			buildPhases = (
				F69C251D2A5D416D00E180D2 /* Sources */,
				F69C251E2A5D416D00E180D2 /* Frameworks */,
				F69C251F2A5D416D00E180D2 /* Resources */,
			);
			buildRules = (
			);
			dependencies = (
			);
			name = InterviewTask;
			productName = InterviewTask;
			productReference = F69C25212A5D416D00E180D2 /* InterviewTask.app */;
			productType = "com.apple.product-type.application";
		};
		F69C25362A5D416F00E180D2 /* InterviewTaskTests */ = {
			isa = PBXNativeTarget;
			buildConfigurationList = F69C254E2A5D416F00E180D2 /* Build configuration list for PBXNativeTarget "InterviewTaskTests" */;
			buildPhases = (
				F69C25332A5D416F00E180D2 /* Sources */,
				F69C25342A5D416F00E180D2 /* Frameworks */,
				F69C25352A5D416F00E180D2 /* Resources */,
			);
			buildRules = (
			);
			dependencies = (
				F69C25392A5D416F00E180D2 /* PBXTargetDependency */,
			);
			name = InterviewTaskTests;
			productName = InterviewTaskTests;
			productReference = F69C25372A5D416F00E180D2 /* InterviewTaskTests.xctest */;
			productType = "com.apple.product-type.bundle.unit-test";
		};
		F69C25402A5D416F00E180D2 /* InterviewTaskUITests */ = {
			isa = PBXNativeTarget;
			buildConfigurationList = F69C25512A5D416F00E180D2 /* Build configuration list for PBXNativeTarget "InterviewTaskUITests" */;
			buildPhases = (
				F69C253D2A5D416F00E180D2 /* Sources */,
				F69C253E2A5D416F00E180D2 /* Frameworks */,
				F69C253F2A5D416F00E180D2 /* Resources */,
			);
			buildRules = (
			);
			dependencies = (
				F69C25432A5D416F00E180D2 /* PBXTargetDependency */,
			);
			name = InterviewTaskUITests;
			productName = InterviewTaskUITests;
			productReference = F69C25412A5D416F00E180D2 /* InterviewTaskUITests.xctest */;
			productType = "com.apple.product-type.bundle.ui-testing";
		};
/* End PBXNativeTarget section */

/* Begin PBXProject section */
		F69C25192A5D416D00E180D2 /* Project object */ = {
			isa = PBXProject;
			attributes = {
				BuildIndependentTargetsInParallel = 1;
				LastSwiftUpdateCheck = 1430;
				LastUpgradeCheck = 1430;
				TargetAttributes = {
					F69C25202A5D416D00E180D2 = {
						CreatedOnToolsVersion = 14.3.1;
					};
					F69C25362A5D416F00E180D2 = {
						CreatedOnToolsVersion = 14.3.1;
						TestTargetID = F69C25202A5D416D00E180D2;
					};
					F69C25402A5D416F00E180D2 = {
						CreatedOnToolsVersion = 14.3.1;
						TestTargetID = F69C25202A5D416D00E180D2;
					};
				};
			};
			buildConfigurationList = F69C251C2A5D416D00E180D2 /* Build configuration list for PBXProject "InterviewTask" */;
			compatibilityVersion = "Xcode 14.0";
			developmentRegion = en;
			hasScannedForEncodings = 0;
			knownRegions = (
				en,
				Base,
			);
			mainGroup = F69C25182A5D416D00E180D2;
			productRefGroup = F69C25222A5D416D00E180D2 /* Products */;
			projectDirPath = "";
			projectRoot = "";
			targets = (
				F69C25202A5D416D00E180D2 /* InterviewTask */,
				F69C25362A5D416F00E180D2 /* InterviewTaskTests */,
				F69C25402A5D416F00E180D2 /* InterviewTaskUITests */,
			);
		};
/* End PBXProject section */

/* Begin PBXResourcesBuildPhase section */
		F69C251F2A5D416D00E180D2 /* Resources */ = {
			isa = PBXResourcesBuildPhase;
			buildActionMask = 2147483647;
			files = (
				F69C25312A5D416F00E180D2 /* LaunchScreen.storyboard in Resources */,
				F69C252E2A5D416F00E180D2 /* Assets.xcassets in Resources */,
				F69C25642A5D4AAC00E180D2 /* CollectionViewCell.xib in Resources */,
				F69C252C2A5D416D00E180D2 /* Main.storyboard in Resources */,
			);
			runOnlyForDeploymentPostprocessing = 0;
		};
		F69C25352A5D416F00E180D2 /* Resources */ = {
			isa = PBXResourcesBuildPhase;
			buildActionMask = 2147483647;
			files = (
			);
			runOnlyForDeploymentPostprocessing = 0;
		};
		F69C253F2A5D416F00E180D2 /* Resources */ = {
			isa = PBXResourcesBuildPhase;
			buildActionMask = 2147483647;
			files = (
			);
			runOnlyForDeploymentPostprocessing = 0;
		};
/* End PBXResourcesBuildPhase section */

/* Begin PBXSourcesBuildPhase section */
		F69C251D2A5D416D00E180D2 /* Sources */ = {
			isa = PBXSourcesBuildPhase;
			buildActionMask = 2147483647;
			files = (
				F69C25A72A5D905000E180D2 /* Observable.swift in Sources */,
				F69C25292A5D416D00E180D2 /* ViewController.swift in Sources */,
				F69C25592A5D41EC00E180D2 /* DataRepo.swift in Sources */,
				F69C25252A5D416D00E180D2 /* AppDelegate.swift in Sources */,
				F69C25632A5D4AAC00E180D2 /* CollectionViewCell.swift in Sources */,
				F69C25272A5D416D00E180D2 /* SceneDelegate.swift in Sources */,
				F69C255B2A5D41F900E180D2 /* DataViewModel.swift in Sources */,
				F69C255D2A5D420900E180D2 /* DataModel.swift in Sources */,
			);
			runOnlyForDeploymentPostprocessing = 0;
		};
		F69C25332A5D416F00E180D2 /* Sources */ = {
			isa = PBXSourcesBuildPhase;
			buildActionMask = 2147483647;
			files = (
				F69C253C2A5D416F00E180D2 /* InterviewTaskTests.swift in Sources */,
			);
			runOnlyForDeploymentPostprocessing = 0;
		};
		F69C253D2A5D416F00E180D2 /* Sources */ = {
			isa = PBXSourcesBuildPhase;
			buildActionMask = 2147483647;
			files = (
				F69C25462A5D416F00E180D2 /* InterviewTaskUITests.swift in Sources */,
				F69C25482A5D416F00E180D2 /* InterviewTaskUITestsLaunchTests.swift in Sources */,
			);
			runOnlyForDeploymentPostprocessing = 0;
		};
/* End PBXSourcesBuildPhase section */

/* Begin PBXTargetDependency section */
		F69C25392A5D416F00E180D2 /* PBXTargetDependency */ = {
			isa = PBXTargetDependency;
			target = F69C25202A5D416D00E180D2 /* InterviewTask */;
			targetProxy = F69C25382A5D416F00E180D2 /* PBXContainerItemProxy */;
		};
		F69C25432A5D416F00E180D2 /* PBXTargetDependency */ = {
			isa = PBXTargetDependency;
			target = F69C25202A5D416D00E180D2 /* InterviewTask */;
			targetProxy = F69C25422A5D416F00E180D2 /* PBXContainerItemProxy */;
		};
/* End PBXTargetDependency section */

/* Begin PBXVariantGroup section */
		F69C252A2A5D416D00E180D2 /* Main.storyboard */ = {
			isa = PBXVariantGroup;
			children = (
				F69C252B2A5D416D00E180D2 /* Base */,
			);
			name = Main.storyboard;
			sourceTree = "<group>";
		};
		F69C252F2A5D416F00E180D2 /* LaunchScreen.storyboard */ = {
			isa = PBXVariantGroup;
			children = (
				F69C25302A5D416F00E180D2 /* Base */,
			);
			name = LaunchScreen.storyboard;
			sourceTree = "<group>";
		};
/* End PBXVariantGroup section */

/* Begin XCBuildConfiguration section */
		F69C25492A5D416F00E180D2 /* Debug */ = {
			isa = XCBuildConfiguration;
			buildSettings = {
				ALWAYS_SEARCH_USER_PATHS = NO;
				CLANG_ANALYZER_NONNULL = YES;
				CLANG_ANALYZER_NUMBER_OBJECT_CONVERSION = YES_AGGRESSIVE;
				CLANG_CXX_LANGUAGE_STANDARD = "gnu++20";
				CLANG_ENABLE_MODULES = YES;
				CLANG_ENABLE_OBJC_ARC = YES;
				CLANG_ENABLE_OBJC_WEAK = YES;
				CLANG_WARN_BLOCK_CAPTURE_AUTORELEASING = YES;
				CLANG_WARN_BOOL_CONVERSION = YES;
				CLANG_WARN_COMMA = YES;
				CLANG_WARN_CONSTANT_CONVERSION = YES;
				CLANG_WARN_DEPRECATED_OBJC_IMPLEMENTATIONS = YES;
				CLANG_WARN_DIRECT_OBJC_ISA_USAGE = YES_ERROR;
				CLANG_WARN_DOCUMENTATION_COMMENTS = YES;
				CLANG_WARN_EMPTY_BODY = YES;
				CLANG_WARN_ENUM_CONVERSION = YES;
				CLANG_WARN_INFINITE_RECURSION = YES;
				CLANG_WARN_INT_CONVERSION = YES;
				CLANG_WARN_NON_LITERAL_NULL_CONVERSION = YES;
				CLANG_WARN_OBJC_IMPLICIT_RETAIN_SELF = YES;
				CLANG_WARN_OBJC_LITERAL_CONVERSION = YES;
				CLANG_WARN_OBJC_ROOT_CLASS = YES_ERROR;
				CLANG_WARN_QUOTED_INCLUDE_IN_FRAMEWORK_HEADER = YES;
				CLANG_WARN_RANGE_LOOP_ANALYSIS = YES;
				CLANG_WARN_STRICT_PROTOTYPES = YES;
				CLANG_WARN_SUSPICIOUS_MOVE = YES;
				CLANG_WARN_UNGUARDED_AVAILABILITY = YES_AGGRESSIVE;
				CLANG_WARN_UNREACHABLE_CODE = YES;
				CLANG_WARN__DUPLICATE_METHOD_MATCH = YES;
				COPY_PHASE_STRIP = NO;
				DEBUG_INFORMATION_FORMAT = dwarf;
				ENABLE_STRICT_OBJC_MSGSEND = YES;
				ENABLE_TESTABILITY = YES;
				GCC_C_LANGUAGE_STANDARD = gnu11;
				GCC_DYNAMIC_NO_PIC = NO;
				GCC_NO_COMMON_BLOCKS = YES;
				GCC_OPTIMIZATION_LEVEL = 0;
				GCC_PREPROCESSOR_DEFINITIONS = (
					"DEBUG=1",
					"$(inherited)",
				);
				GCC_WARN_64_TO_32_BIT_CONVERSION = YES;
				GCC_WARN_ABOUT_RETURN_TYPE = YES_ERROR;
				GCC_WARN_UNDECLARED_SELECTOR = YES;
				GCC_WARN_UNINITIALIZED_AUTOS = YES_AGGRESSIVE;
				GCC_WARN_UNUSED_FUNCTION = YES;
				GCC_WARN_UNUSED_VARIABLE = YES;
				IPHONEOS_DEPLOYMENT_TARGET = 16.4;
				MTL_ENABLE_DEBUG_INFO = INCLUDE_SOURCE;
				MTL_FAST_MATH = YES;
				ONLY_ACTIVE_ARCH = YES;
				SDKROOT = iphoneos;
				SWIFT_ACTIVE_COMPILATION_CONDITIONS = DEBUG;
				SWIFT_OPTIMIZATION_LEVEL = "-Onone";
			};
			name = Debug;
		};
		F69C254A2A5D416F00E180D2 /* Release */ = {
			isa = XCBuildConfiguration;
			buildSettings = {
				ALWAYS_SEARCH_USER_PATHS = NO;
				CLANG_ANALYZER_NONNULL = YES;
				CLANG_ANALYZER_NUMBER_OBJECT_CONVERSION = YES_AGGRESSIVE;
				CLANG_CXX_LANGUAGE_STANDARD = "gnu++20";
				CLANG_ENABLE_MODULES = YES;
				CLANG_ENABLE_OBJC_ARC = YES;
				CLANG_ENABLE_OBJC_WEAK = YES;
				CLANG_WARN_BLOCK_CAPTURE_AUTORELEASING = YES;
				CLANG_WARN_BOOL_CONVERSION = YES;
				CLANG_WARN_COMMA = YES;
				CLANG_WARN_CONSTANT_CONVERSION = YES;
				CLANG_WARN_DEPRECATED_OBJC_IMPLEMENTATIONS = YES;
				CLANG_WARN_DIRECT_OBJC_ISA_USAGE = YES_ERROR;
				CLANG_WARN_DOCUMENTATION_COMMENTS = YES;
				CLANG_WARN_EMPTY_BODY = YES;
				CLANG_WARN_ENUM_CONVERSION = YES;
				CLANG_WARN_INFINITE_RECURSION = YES;
				CLANG_WARN_INT_CONVERSION = YES;
				CLANG_WARN_NON_LITERAL_NULL_CONVERSION = YES;
				CLANG_WARN_OBJC_IMPLICIT_RETAIN_SELF = YES;
				CLANG_WARN_OBJC_LITERAL_CONVERSION = YES;
				CLANG_WARN_OBJC_ROOT_CLASS = YES_ERROR;
				CLANG_WARN_QUOTED_INCLUDE_IN_FRAMEWORK_HEADER = YES;
				CLANG_WARN_RANGE_LOOP_ANALYSIS = YES;
				CLANG_WARN_STRICT_PROTOTYPES = YES;
				CLANG_WARN_SUSPICIOUS_MOVE = YES;
				CLANG_WARN_UNGUARDED_AVAILABILITY = YES_AGGRESSIVE;
				CLANG_WARN_UNREACHABLE_CODE = YES;
				CLANG_WARN__DUPLICATE_METHOD_MATCH = YES;
				COPY_PHASE_STRIP = NO;
				DEBUG_INFORMATION_FORMAT = "dwarf-with-dsym";
				ENABLE_NS_ASSERTIONS = NO;
				ENABLE_STRICT_OBJC_MSGSEND = YES;
				GCC_C_LANGUAGE_STANDARD = gnu11;
				GCC_NO_COMMON_BLOCKS = YES;
				GCC_WARN_64_TO_32_BIT_CONVERSION = YES;
				GCC_WARN_ABOUT_RETURN_TYPE = YES_ERROR;
				GCC_WARN_UNDECLARED_SELECTOR = YES;
				GCC_WARN_UNINITIALIZED_AUTOS = YES_AGGRESSIVE;
				GCC_WARN_UNUSED_FUNCTION = YES;
				GCC_WARN_UNUSED_VARIABLE = YES;
				IPHONEOS_DEPLOYMENT_TARGET = 16.4;
				MTL_ENABLE_DEBUG_INFO = NO;
				MTL_FAST_MATH = YES;
				SDKROOT = iphoneos;
				SWIFT_COMPILATION_MODE = wholemodule;
				SWIFT_OPTIMIZATION_LEVEL = "-O";
				VALIDATE_PRODUCT = YES;
			};
			name = Release;
		};
		F69C254C2A5D416F00E180D2 /* Debug */ = {
			isa = XCBuildConfiguration;
			buildSettings = {
				ASSETCATALOG_COMPILER_APPICON_NAME = AppIcon;
				ASSETCATALOG_COMPILER_GLOBAL_ACCENT_COLOR_NAME = AccentColor;
				CODE_SIGN_STYLE = Automatic;
				CURRENT_PROJECT_VERSION = 1;
				DEVELOPMENT_TEAM = L99K86BA8Y;
				GENERATE_INFOPLIST_FILE = YES;
				INFOPLIST_FILE = InterviewTask/Info.plist;
				INFOPLIST_KEY_UIApplicationSupportsIndirectInputEvents = YES;
				INFOPLIST_KEY_UILaunchStoryboardName = LaunchScreen;
				INFOPLIST_KEY_UIMainStoryboardFile = Main;
				INFOPLIST_KEY_UISupportedInterfaceOrientations_iPad = "UIInterfaceOrientationPortrait UIInterfaceOrientationPortraitUpsideDown UIInterfaceOrientationLandscapeLeft UIInterfaceOrientationLandscapeRight";
				INFOPLIST_KEY_UISupportedInterfaceOrientations_iPhone = "UIInterfaceOrientationPortrait UIInterfaceOrientationLandscapeLeft UIInterfaceOrientationLandscapeRight";
				LD_RUNPATH_SEARCH_PATHS = (
					"$(inherited)",
					"@executable_path/Frameworks",
				);
				MARKETING_VERSION = 1.0;
				PRODUCT_BUNDLE_IDENTIFIER = com.prac.InterviewTask;
				PRODUCT_NAME = "$(TARGET_NAME)";
				SWIFT_EMIT_LOC_STRINGS = YES;
				SWIFT_VERSION = 5.0;
				TARGETED_DEVICE_FAMILY = "1,2";
			};
			name = Debug;
		};
		F69C254D2A5D416F00E180D2 /* Release */ = {
			isa = XCBuildConfiguration;
			buildSettings = {
				ASSETCATALOG_COMPILER_APPICON_NAME = AppIcon;
				ASSETCATALOG_COMPILER_GLOBAL_ACCENT_COLOR_NAME = AccentColor;
				CODE_SIGN_STYLE = Automatic;
				CURRENT_PROJECT_VERSION = 1;
				DEVELOPMENT_TEAM = L99K86BA8Y;
				GENERATE_INFOPLIST_FILE = YES;
				INFOPLIST_FILE = InterviewTask/Info.plist;
				INFOPLIST_KEY_UIApplicationSupportsIndirectInputEvents = YES;
				INFOPLIST_KEY_UILaunchStoryboardName = LaunchScreen;
				INFOPLIST_KEY_UIMainStoryboardFile = Main;
				INFOPLIST_KEY_UISupportedInterfaceOrientations_iPad = "UIInterfaceOrientationPortrait UIInterfaceOrientationPortraitUpsideDown UIInterfaceOrientationLandscapeLeft UIInterfaceOrientationLandscapeRight";
				INFOPLIST_KEY_UISupportedInterfaceOrientations_iPhone = "UIInterfaceOrientationPortrait UIInterfaceOrientationLandscapeLeft UIInterfaceOrientationLandscapeRight";
				LD_RUNPATH_SEARCH_PATHS = (
					"$(inherited)",
					"@executable_path/Frameworks",
				);
				MARKETING_VERSION = 1.0;
				PRODUCT_BUNDLE_IDENTIFIER = com.prac.InterviewTask;
				PRODUCT_NAME = "$(TARGET_NAME)";
				SWIFT_EMIT_LOC_STRINGS = YES;
				SWIFT_VERSION = 5.0;
				TARGETED_DEVICE_FAMILY = "1,2";
			};
			name = Release;
		};
		F69C254F2A5D416F00E180D2 /* Debug */ = {
			isa = XCBuildConfiguration;
			buildSettings = {
				ALWAYS_EMBED_SWIFT_STANDARD_LIBRARIES = YES;
				BUNDLE_LOADER = "$(TEST_HOST)";
				CODE_SIGN_STYLE = Automatic;
				CURRENT_PROJECT_VERSION = 1;
				DEVELOPMENT_TEAM = L99K86BA8Y;
				GENERATE_INFOPLIST_FILE = YES;
				IPHONEOS_DEPLOYMENT_TARGET = 16.4;
				MARKETING_VERSION = 1.0;
				PRODUCT_BUNDLE_IDENTIFIER = com.prac.InterviewTaskTests;
				PRODUCT_NAME = "$(TARGET_NAME)";
				SWIFT_EMIT_LOC_STRINGS = NO;
				SWIFT_VERSION = 5.0;
				TARGETED_DEVICE_FAMILY = "1,2";
				TEST_HOST = "$(BUILT_PRODUCTS_DIR)/InterviewTask.app/$(BUNDLE_EXECUTABLE_FOLDER_PATH)/InterviewTask";
			};
			name = Debug;
		};
		F69C25502A5D416F00E180D2 /* Release */ = {
			isa = XCBuildConfiguration;
			buildSettings = {
				ALWAYS_EMBED_SWIFT_STANDARD_LIBRARIES = YES;
				BUNDLE_LOADER = "$(TEST_HOST)";
				CODE_SIGN_STYLE = Automatic;
				CURRENT_PROJECT_VERSION = 1;
				DEVELOPMENT_TEAM = L99K86BA8Y;
				GENERATE_INFOPLIST_FILE = YES;
				IPHONEOS_DEPLOYMENT_TARGET = 16.4;
				MARKETING_VERSION = 1.0;
				PRODUCT_BUNDLE_IDENTIFIER = com.prac.InterviewTaskTests;
				PRODUCT_NAME = "$(TARGET_NAME)";
				SWIFT_EMIT_LOC_STRINGS = NO;
				SWIFT_VERSION = 5.0;
				TARGETED_DEVICE_FAMILY = "1,2";
				TEST_HOST = "$(BUILT_PRODUCTS_DIR)/InterviewTask.app/$(BUNDLE_EXECUTABLE_FOLDER_PATH)/InterviewTask";
			};
			name = Release;
		};
		F69C25522A5D416F00E180D2 /* Debug */ = {
			isa = XCBuildConfiguration;
			buildSettings = {
				ALWAYS_EMBED_SWIFT_STANDARD_LIBRARIES = YES;
				CODE_SIGN_STYLE = Automatic;
				CURRENT_PROJECT_VERSION = 1;
				DEVELOPMENT_TEAM = L99K86BA8Y;
				GENERATE_INFOPLIST_FILE = YES;
				MARKETING_VERSION = 1.0;
				PRODUCT_BUNDLE_IDENTIFIER = com.prac.InterviewTaskUITests;
				PRODUCT_NAME = "$(TARGET_NAME)";
				SWIFT_EMIT_LOC_STRINGS = NO;
				SWIFT_VERSION = 5.0;
				TARGETED_DEVICE_FAMILY = "1,2";
				TEST_TARGET_NAME = InterviewTask;
			};
			name = Debug;
		};
		F69C25532A5D416F00E180D2 /* Release */ = {
			isa = XCBuildConfiguration;
			buildSettings = {
				ALWAYS_EMBED_SWIFT_STANDARD_LIBRARIES = YES;
				CODE_SIGN_STYLE = Automatic;
				CURRENT_PROJECT_VERSION = 1;
				DEVELOPMENT_TEAM = L99K86BA8Y;
				GENERATE_INFOPLIST_FILE = YES;
				MARKETING_VERSION = 1.0;
				PRODUCT_BUNDLE_IDENTIFIER = com.prac.InterviewTaskUITests;
				PRODUCT_NAME = "$(TARGET_NAME)";
				SWIFT_EMIT_LOC_STRINGS = NO;
				SWIFT_VERSION = 5.0;
				TARGETED_DEVICE_FAMILY = "1,2";
				TEST_TARGET_NAME = InterviewTask;
			};
			name = Release;
		};
/* End XCBuildConfiguration section */

/* Begin XCConfigurationList section */
		F69C251C2A5D416D00E180D2 /* Build configuration list for PBXProject "InterviewTask" */ = {
			isa = XCConfigurationList;
			buildConfigurations = (
				F69C25492A5D416F00E180D2 /* Debug */,
				F69C254A2A5D416F00E180D2 /* Release */,
			);
			defaultConfigurationIsVisible = 0;
			defaultConfigurationName = Release;
		};
		F69C254B2A5D416F00E180D2 /* Build configuration list for PBXNativeTarget "InterviewTask" */ = {
			isa = XCConfigurationList;
			buildConfigurations = (
				F69C254C2A5D416F00E180D2 /* Debug */,
				F69C254D2A5D416F00E180D2 /* Release */,
			);
			defaultConfigurationIsVisible = 0;
			defaultConfigurationName = Release;
		};
		F69C254E2A5D416F00E180D2 /* Build configuration list for PBXNativeTarget "InterviewTaskTests" */ = {
			isa = XCConfigurationList;
			buildConfigurations = (
				F69C254F2A5D416F00E180D2 /* Debug */,
				F69C25502A5D416F00E180D2 /* Release */,
			);
			defaultConfigurationIsVisible = 0;
			defaultConfigurationName = Release;
		};
		F69C25512A5D416F00E180D2 /* Build configuration list for PBXNativeTarget "InterviewTaskUITests" */ = {
			isa = XCConfigurationList;
			buildConfigurations = (
				F69C25522A5D416F00E180D2 /* Debug */,
				F69C25532A5D416F00E180D2 /* Release */,
			);
			defaultConfigurationIsVisible = 0;
			defaultConfigurationName = Release;
		};
/* End XCConfigurationList section */
	};
	rootObject = F69C25192A5D416D00E180D2 /* Project object */;
}
